// !$*UTF8*$!
{
	archiveVersion = 1;
	classes = {
	};
	objectVersion = 51;
	objects = {

/* Begin PBXBuildFile section */
		AC6152B2432B34EED3B00DED /* Pods_UIKit_Basic_Project_1.framework in Frameworks */ = {isa = PBXBuildFile; fileRef = E610A4B0D0538B06586E3607 /* Pods_UIKit_Basic_Project_1.framework */; };
		C712D15F2471B3AF0049AC4C /* AppDelegate.swift in Sources */ = {isa = PBXBuildFile; fileRef = C712D15E2471B3AF0049AC4C /* AppDelegate.swift */; };
		C712D1612471B3AF0049AC4C /* SceneDelegate.swift in Sources */ = {isa = PBXBuildFile; fileRef = C712D1602471B3AF0049AC4C /* SceneDelegate.swift */; };
		C712D1632471B3AF0049AC4C /* UsersViewController.swift in Sources */ = {isa = PBXBuildFile; fileRef = C712D1622471B3AF0049AC4C /* UsersViewController.swift */; };
		C712D1662471B3AF0049AC4C /* Main.storyboard in Resources */ = {isa = PBXBuildFile; fileRef = C712D1642471B3AF0049AC4C /* Main.storyboard */; };
		C712D1692471B3AF0049AC4C /* UIKit_Basic_Project_1.xcdatamodeld in Sources */ = {isa = PBXBuildFile; fileRef = C712D1672471B3AF0049AC4C /* UIKit_Basic_Project_1.xcdatamodeld */; };
		C712D16B2471B3B10049AC4C /* Assets.xcassets in Resources */ = {isa = PBXBuildFile; fileRef = C712D16A2471B3B10049AC4C /* Assets.xcassets */; };
		C712D16E2471B3B10049AC4C /* LaunchScreen.storyboard in Resources */ = {isa = PBXBuildFile; fileRef = C712D16C2471B3B10049AC4C /* LaunchScreen.storyboard */; };
		C7537C2B247EA2730013F842 /* FullScreenPhotoViewController.swift in Sources */ = {isa = PBXBuildFile; fileRef = C7537C2A247EA2720013F842 /* FullScreenPhotoViewController.swift */; };
		C75D526D2487A2B900514BA4 /* config.swift in Sources */ = {isa = PBXBuildFile; fileRef = C75D526C2487A2B900514BA4 /* config.swift */; };
		C75D52732488EDED00514BA4 /* Note+CoreDataClass.swift in Sources */ = {isa = PBXBuildFile; fileRef = C75D52712488EDED00514BA4 /* Note+CoreDataClass.swift */; };
		C75D52742488EDED00514BA4 /* Note+CoreDataProperties.swift in Sources */ = {isa = PBXBuildFile; fileRef = C75D52722488EDED00514BA4 /* Note+CoreDataProperties.swift */; };
		C75DBBBA24734729004FB0E8 /* UserDetailsViewController.swift in Sources */ = {isa = PBXBuildFile; fileRef = C75DBBB924734729004FB0E8 /* UserDetailsViewController.swift */; };
		C760BF3124789B3400A84917 /* PhotoGallery.storyboard in Resources */ = {isa = PBXBuildFile; fileRef = C760BF3024789B3400A84917 /* PhotoGallery.storyboard */; };
		C7A1411B2475FD1500417B4B /* Photo.swift in Sources */ = {isa = PBXBuildFile; fileRef = C7A1411A2475FD1500417B4B /* Photo.swift */; };
		C7A1411D2475FD7100417B4B /* PhotosRequest.swift in Sources */ = {isa = PBXBuildFile; fileRef = C7A1411C2475FD7100417B4B /* PhotosRequest.swift */; };
		C7A141212476C3D400417B4B /* AlbumHeader.swift in Sources */ = {isa = PBXBuildFile; fileRef = C7A141202476C3D400417B4B /* AlbumHeader.swift */; };
		C7DD9A132473648D000243E3 /* PhotoCollectionViewCell.swift in Sources */ = {isa = PBXBuildFile; fileRef = C7DD9A112473648D000243E3 /* PhotoCollectionViewCell.swift */; };
		C7DD9A142473648D000243E3 /* PhotoCollectionViewCell.xib in Resources */ = {isa = PBXBuildFile; fileRef = C7DD9A122473648D000243E3 /* PhotoCollectionViewCell.xib */; };
		C7DD9A16247478BF000243E3 /* UsersRequest.swift in Sources */ = {isa = PBXBuildFile; fileRef = C7DD9A15247478BF000243E3 /* UsersRequest.swift */; };
		C7DF902B247313D900DD25F3 /* User.swift in Sources */ = {isa = PBXBuildFile; fileRef = C7DF902A247313D900DD25F3 /* User.swift */; };
		C7DF90332473441100DD25F3 /* UsersCell.swift in Sources */ = {isa = PBXBuildFile; fileRef = C7DF90312473441100DD25F3 /* UsersCell.swift */; };
		C7F40F132472DDB500B2D7F1 /* PhotoGalleryViewController.swift in Sources */ = {isa = PBXBuildFile; fileRef = C7F40F122472DDB500B2D7F1 /* PhotoGalleryViewController.swift */; };
		C7F40F162472FF5100B2D7F1 /* Profiles.storyboard in Resources */ = {isa = PBXBuildFile; fileRef = C7F40F152472FF5100B2D7F1 /* Profiles.storyboard */; };
/* End PBXBuildFile section */

/* Begin PBXFileReference section */
		3498C8013145FE8CDECD164A /* Pods-UIKit Basic Project 1.release.xcconfig */ = {isa = PBXFileReference; includeInIndex = 1; lastKnownFileType = text.xcconfig; name = "Pods-UIKit Basic Project 1.release.xcconfig"; path = "Target Support Files/Pods-UIKit Basic Project 1/Pods-UIKit Basic Project 1.release.xcconfig"; sourceTree = "<group>"; };
		A7A5F2CE6FE0814A0324B5EF /* Pods-UIKit Basic Project 1.debug.xcconfig */ = {isa = PBXFileReference; includeInIndex = 1; lastKnownFileType = text.xcconfig; name = "Pods-UIKit Basic Project 1.debug.xcconfig"; path = "Target Support Files/Pods-UIKit Basic Project 1/Pods-UIKit Basic Project 1.debug.xcconfig"; sourceTree = "<group>"; };
		C712D15B2471B3AF0049AC4C /* UIKit Basic Project 1.app */ = {isa = PBXFileReference; explicitFileType = wrapper.application; includeInIndex = 0; path = "UIKit Basic Project 1.app"; sourceTree = BUILT_PRODUCTS_DIR; };
		C712D15E2471B3AF0049AC4C /* AppDelegate.swift */ = {isa = PBXFileReference; lastKnownFileType = sourcecode.swift; path = AppDelegate.swift; sourceTree = "<group>"; };
		C712D1602471B3AF0049AC4C /* SceneDelegate.swift */ = {isa = PBXFileReference; lastKnownFileType = sourcecode.swift; path = SceneDelegate.swift; sourceTree = "<group>"; };
		C712D1622471B3AF0049AC4C /* UsersViewController.swift */ = {isa = PBXFileReference; lastKnownFileType = sourcecode.swift; path = UsersViewController.swift; sourceTree = "<group>"; };
		C712D1652471B3AF0049AC4C /* Base */ = {isa = PBXFileReference; lastKnownFileType = file.storyboard; name = Base; path = Base.lproj/Main.storyboard; sourceTree = "<group>"; };
		C712D1682471B3AF0049AC4C /* UIKit_Basic_Project_1.xcdatamodel */ = {isa = PBXFileReference; lastKnownFileType = wrapper.xcdatamodel; path = UIKit_Basic_Project_1.xcdatamodel; sourceTree = "<group>"; };
		C712D16A2471B3B10049AC4C /* Assets.xcassets */ = {isa = PBXFileReference; lastKnownFileType = folder.assetcatalog; path = Assets.xcassets; sourceTree = "<group>"; };
		C712D16D2471B3B10049AC4C /* Base */ = {isa = PBXFileReference; lastKnownFileType = file.storyboard; name = Base; path = Base.lproj/LaunchScreen.storyboard; sourceTree = "<group>"; };
		C712D16F2471B3B10049AC4C /* Info.plist */ = {isa = PBXFileReference; lastKnownFileType = text.plist.xml; path = Info.plist; sourceTree = "<group>"; };
		C7537C2A247EA2720013F842 /* FullScreenPhotoViewController.swift */ = {isa = PBXFileReference; lastKnownFileType = sourcecode.swift; path = FullScreenPhotoViewController.swift; sourceTree = "<group>"; };
		C75D526C2487A2B900514BA4 /* config.swift */ = {isa = PBXFileReference; lastKnownFileType = sourcecode.swift; path = config.swift; sourceTree = "<group>"; };
		C75D52712488EDED00514BA4 /* Note+CoreDataClass.swift */ = {isa = PBXFileReference; lastKnownFileType = sourcecode.swift; path = "Note+CoreDataClass.swift"; sourceTree = SOURCE_ROOT; };
		C75D52722488EDED00514BA4 /* Note+CoreDataProperties.swift */ = {isa = PBXFileReference; lastKnownFileType = sourcecode.swift; path = "Note+CoreDataProperties.swift"; sourceTree = SOURCE_ROOT; };
		C75DBBB924734729004FB0E8 /* UserDetailsViewController.swift */ = {isa = PBXFileReference; lastKnownFileType = sourcecode.swift; path = UserDetailsViewController.swift; sourceTree = "<group>"; };
		C760BF3024789B3400A84917 /* PhotoGallery.storyboard */ = {isa = PBXFileReference; lastKnownFileType = file.storyboard; path = PhotoGallery.storyboard; sourceTree = "<group>"; };
		C7A1411A2475FD1500417B4B /* Photo.swift */ = {isa = PBXFileReference; lastKnownFileType = sourcecode.swift; path = Photo.swift; sourceTree = "<group>"; };
		C7A1411C2475FD7100417B4B /* PhotosRequest.swift */ = {isa = PBXFileReference; lastKnownFileType = sourcecode.swift; path = PhotosRequest.swift; sourceTree = "<group>"; };
		C7A141202476C3D400417B4B /* AlbumHeader.swift */ = {isa = PBXFileReference; lastKnownFileType = sourcecode.swift; path = AlbumHeader.swift; sourceTree = "<group>"; };
		C7DD9A112473648D000243E3 /* PhotoCollectionViewCell.swift */ = {isa = PBXFileReference; lastKnownFileType = sourcecode.swift; path = PhotoCollectionViewCell.swift; sourceTree = "<group>"; };
		C7DD9A122473648D000243E3 /* PhotoCollectionViewCell.xib */ = {isa = PBXFileReference; lastKnownFileType = file.xib; path = PhotoCollectionViewCell.xib; sourceTree = "<group>"; };
		C7DD9A15247478BF000243E3 /* UsersRequest.swift */ = {isa = PBXFileReference; lastKnownFileType = sourcecode.swift; path = UsersRequest.swift; sourceTree = "<group>"; };
		C7DF902A247313D900DD25F3 /* User.swift */ = {isa = PBXFileReference; lastKnownFileType = sourcecode.swift; path = User.swift; sourceTree = "<group>"; };
		C7DF90312473441100DD25F3 /* UsersCell.swift */ = {isa = PBXFileReference; lastKnownFileType = sourcecode.swift; path = UsersCell.swift; sourceTree = "<group>"; };
		C7F40F122472DDB500B2D7F1 /* PhotoGalleryViewController.swift */ = {isa = PBXFileReference; lastKnownFileType = sourcecode.swift; path = PhotoGalleryViewController.swift; sourceTree = "<group>"; };
		C7F40F152472FF5100B2D7F1 /* Profiles.storyboard */ = {isa = PBXFileReference; lastKnownFileType = file.storyboard; path = Profiles.storyboard; sourceTree = "<group>"; };
		E610A4B0D0538B06586E3607 /* Pods_UIKit_Basic_Project_1.framework */ = {isa = PBXFileReference; explicitFileType = wrapper.framework; includeInIndex = 0; path = Pods_UIKit_Basic_Project_1.framework; sourceTree = BUILT_PRODUCTS_DIR; };
/* End PBXFileReference section */

/* Begin PBXFrameworksBuildPhase section */
		C712D1582471B3AF0049AC4C /* Frameworks */ = {
			isa = PBXFrameworksBuildPhase;
			buildActionMask = 2147483647;
			files = (
				AC6152B2432B34EED3B00DED /* Pods_UIKit_Basic_Project_1.framework in Frameworks */,
			);
			runOnlyForDeploymentPostprocessing = 0;
		};
/* End PBXFrameworksBuildPhase section */

/* Begin PBXGroup section */
		0A22514C0FB649A748B5EF25 /* Pods */ = {
			isa = PBXGroup;
			children = (
				A7A5F2CE6FE0814A0324B5EF /* Pods-UIKit Basic Project 1.debug.xcconfig */,
				3498C8013145FE8CDECD164A /* Pods-UIKit Basic Project 1.release.xcconfig */,
			);
			path = Pods;
			sourceTree = "<group>";
		};
		C712D1522471B3AF0049AC4C = {
			isa = PBXGroup;
			children = (
				C712D15D2471B3AF0049AC4C /* UIKit Basic Project 1 */,
				C712D15C2471B3AF0049AC4C /* Products */,
				0A22514C0FB649A748B5EF25 /* Pods */,
				D3DB791304CD62341D13A664 /* Frameworks */,
			);
			sourceTree = "<group>";
		};
		C712D15C2471B3AF0049AC4C /* Products */ = {
			isa = PBXGroup;
			children = (
				C712D15B2471B3AF0049AC4C /* UIKit Basic Project 1.app */,
			);
			name = Products;
			sourceTree = "<group>";
		};
		C712D15D2471B3AF0049AC4C /* UIKit Basic Project 1 */ = {
			isa = PBXGroup;
			children = (
				C75D526124879CE800514BA4 /* photogallery */,
				C75D526024879CD100514BA4 /* users */,
				C75D525F24879C9B00514BA4 /* services */,
				C75D525E24879C7F00514BA4 /* application */,
				C7DF902C24733DEE00DD25F3 /* customViews */,
				C7DF9027247313AB00DD25F3 /* models */,
				C7F40F142472FEFB00B2D7F1 /* mainstoryboards */,
				C712D16A2471B3B10049AC4C /* Assets.xcassets */,
				C712D16F2471B3B10049AC4C /* Info.plist */,
				C712D1672471B3AF0049AC4C /* UIKit_Basic_Project_1.xcdatamodeld */,
				C75D526C2487A2B900514BA4 /* config.swift */,
			);
			path = "UIKit Basic Project 1";
			sourceTree = "<group>";
		};
		C75D525E24879C7F00514BA4 /* application */ = {
			isa = PBXGroup;
			children = (
				C712D15E2471B3AF0049AC4C /* AppDelegate.swift */,
				C712D1602471B3AF0049AC4C /* SceneDelegate.swift */,
			);
			path = application;
			sourceTree = "<group>";
		};
		C75D525F24879C9B00514BA4 /* services */ = {
			isa = PBXGroup;
			children = (
				C7DD9A15247478BF000243E3 /* UsersRequest.swift */,
				C7A1411C2475FD7100417B4B /* PhotosRequest.swift */,
			);
			path = services;
			sourceTree = "<group>";
		};
		C75D526024879CD100514BA4 /* users */ = {
			isa = PBXGroup;
			children = (
				C712D1622471B3AF0049AC4C /* UsersViewController.swift */,
				C75DBBB924734729004FB0E8 /* UserDetailsViewController.swift */,
				C7F40F152472FF5100B2D7F1 /* Profiles.storyboard */,
			);
			path = users;
			sourceTree = "<group>";
		};
		C75D526124879CE800514BA4 /* photogallery */ = {
			isa = PBXGroup;
			children = (
				C7F40F122472DDB500B2D7F1 /* PhotoGalleryViewController.swift */,
				C7537C2A247EA2720013F842 /* FullScreenPhotoViewController.swift */,
				C760BF3024789B3400A84917 /* PhotoGallery.storyboard */,
			);
			path = photogallery;
			sourceTree = "<group>";
		};
		C75D526224879D4500514BA4 /* userscell */ = {
			isa = PBXGroup;
			children = (
				C7DF90312473441100DD25F3 /* UsersCell.swift */,
			);
			path = userscell;
			sourceTree = "<group>";
		};
		C75D526324879D5700514BA4 /* photocell */ = {
			isa = PBXGroup;
			children = (
				C7DD9A112473648D000243E3 /* PhotoCollectionViewCell.swift */,
				C7DD9A122473648D000243E3 /* PhotoCollectionViewCell.xib */,
			);
			path = photocell;
			sourceTree = "<group>";
		};
		C7DF9027247313AB00DD25F3 /* models */ = {
			isa = PBXGroup;
			children = (
				C75D52712488EDED00514BA4 /* Note+CoreDataClass.swift */,
				C75D52722488EDED00514BA4 /* Note+CoreDataProperties.swift */,
				C7DF902A247313D900DD25F3 /* User.swift */,
				C7A1411A2475FD1500417B4B /* Photo.swift */,
			);
			path = models;
			sourceTree = "<group>";
		};
		C7DF902C24733DEE00DD25F3 /* customViews */ = {
			isa = PBXGroup;
			children = (
				C75D526324879D5700514BA4 /* photocell */,
				C75D526224879D4500514BA4 /* userscell */,
				C7A141202476C3D400417B4B /* AlbumHeader.swift */,
			);
			path = customViews;
			sourceTree = "<group>";
		};
		C7F40F142472FEFB00B2D7F1 /* mainstoryboards */ = {
			isa = PBXGroup;
			children = (
				C712D16C2471B3B10049AC4C /* LaunchScreen.storyboard */,
				C712D1642471B3AF0049AC4C /* Main.storyboard */,
			);
			path = mainstoryboards;
			sourceTree = "<group>";
		};
		D3DB791304CD62341D13A664 /* Frameworks */ = {
			isa = PBXGroup;
			children = (
				E610A4B0D0538B06586E3607 /* Pods_UIKit_Basic_Project_1.framework */,
			);
			name = Frameworks;
			sourceTree = "<group>";
		};
/* End PBXGroup section */

/* Begin PBXNativeTarget section */
		C712D15A2471B3AF0049AC4C /* UIKit Basic Project 1 */ = {
			isa = PBXNativeTarget;
			buildConfigurationList = C712D1722471B3B10049AC4C /* Build configuration list for PBXNativeTarget "UIKit Basic Project 1" */;
			buildPhases = (
				B85821099E742F30492F0E50 /* [CP] Check Pods Manifest.lock */,
				C712D1572471B3AF0049AC4C /* Sources */,
				C712D1582471B3AF0049AC4C /* Frameworks */,
				C712D1592471B3AF0049AC4C /* Resources */,
				34C2459F755E71C7097F7BD5 /* [CP] Embed Pods Frameworks */,
			);
			buildRules = (
			);
			dependencies = (
			);
			name = "UIKit Basic Project 1";
			productName = "UIKit Basic Project 1";
			productReference = C712D15B2471B3AF0049AC4C /* UIKit Basic Project 1.app */;
			productType = "com.apple.product-type.application";
		};
/* End PBXNativeTarget section */

/* Begin PBXProject section */
		C712D1532471B3AF0049AC4C /* Project object */ = {
			isa = PBXProject;
			attributes = {
				LastSwiftUpdateCheck = 1130;
				LastUpgradeCheck = 1130;
				ORGANIZATIONNAME = "Mustafa Birat";
				TargetAttributes = {
					C712D15A2471B3AF0049AC4C = {
						CreatedOnToolsVersion = 11.3.1;
					};
				};
			};
			buildConfigurationList = C712D1562471B3AF0049AC4C /* Build configuration list for PBXProject "UIKit Basic Project 1" */;
			compatibilityVersion = "Xcode 9.3";
			developmentRegion = en;
			hasScannedForEncodings = 0;
			knownRegions = (
				en,
				Base,
			);
			mainGroup = C712D1522471B3AF0049AC4C;
			productRefGroup = C712D15C2471B3AF0049AC4C /* Products */;
			projectDirPath = "";
			projectRoot = "";
			targets = (
				C712D15A2471B3AF0049AC4C /* UIKit Basic Project 1 */,
			);
		};
/* End PBXProject section */

/* Begin PBXResourcesBuildPhase section */
		C712D1592471B3AF0049AC4C /* Resources */ = {
			isa = PBXResourcesBuildPhase;
			buildActionMask = 2147483647;
			files = (
				C760BF3124789B3400A84917 /* PhotoGallery.storyboard in Resources */,
				C712D16E2471B3B10049AC4C /* LaunchScreen.storyboard in Resources */,
				C712D16B2471B3B10049AC4C /* Assets.xcassets in Resources */,
				C7DD9A142473648D000243E3 /* PhotoCollectionViewCell.xib in Resources */,
				C7F40F162472FF5100B2D7F1 /* Profiles.storyboard in Resources */,
				C712D1662471B3AF0049AC4C /* Main.storyboard in Resources */,
			);
			runOnlyForDeploymentPostprocessing = 0;
		};
/* End PBXResourcesBuildPhase section */

/* Begin PBXShellScriptBuildPhase section */
		34C2459F755E71C7097F7BD5 /* [CP] Embed Pods Frameworks */ = {
			isa = PBXShellScriptBuildPhase;
			buildActionMask = 2147483647;
			files = (
			);
			inputFileListPaths = (
				"${PODS_ROOT}/Target Support Files/Pods-UIKit Basic Project 1/Pods-UIKit Basic Project 1-frameworks-${CONFIGURATION}-input-files.xcfilelist",
			);
			name = "[CP] Embed Pods Frameworks";
			outputFileListPaths = (
				"${PODS_ROOT}/Target Support Files/Pods-UIKit Basic Project 1/Pods-UIKit Basic Project 1-frameworks-${CONFIGURATION}-output-files.xcfilelist",
			);
			runOnlyForDeploymentPostprocessing = 0;
			shellPath = /bin/sh;
			shellScript = "\"${PODS_ROOT}/Target Support Files/Pods-UIKit Basic Project 1/Pods-UIKit Basic Project 1-frameworks.sh\"\n";
			showEnvVarsInLog = 0;
		};
		B85821099E742F30492F0E50 /* [CP] Check Pods Manifest.lock */ = {
			isa = PBXShellScriptBuildPhase;
			buildActionMask = 2147483647;
			files = (
			);
			inputFileListPaths = (
			);
			inputPaths = (
				"${PODS_PODFILE_DIR_PATH}/Podfile.lock",
				"${PODS_ROOT}/Manifest.lock",
			);
			name = "[CP] Check Pods Manifest.lock";
			outputFileListPaths = (
			);
			outputPaths = (
				"$(DERIVED_FILE_DIR)/Pods-UIKit Basic Project 1-checkManifestLockResult.txt",
			);
			runOnlyForDeploymentPostprocessing = 0;
			shellPath = /bin/sh;
			shellScript = "diff \"${PODS_PODFILE_DIR_PATH}/Podfile.lock\" \"${PODS_ROOT}/Manifest.lock\" > /dev/null\nif [ $? != 0 ] ; then\n    # print error to STDERR\n    echo \"error: The sandbox is not in sync with the Podfile.lock. Run 'pod install' or update your CocoaPods installation.\" >&2\n    exit 1\nfi\n# This output is used by Xcode 'outputs' to avoid re-running this script phase.\necho \"SUCCESS\" > \"${SCRIPT_OUTPUT_FILE_0}\"\n";
			showEnvVarsInLog = 0;
		};
/* End PBXShellScriptBuildPhase section */

/* Begin PBXSourcesBuildPhase section */
		C712D1572471B3AF0049AC4C /* Sources */ = {
			isa = PBXSourcesBuildPhase;
			buildActionMask = 2147483647;
			files = (
				C7DF90332473441100DD25F3 /* UsersCell.swift in Sources */,
				C7DD9A132473648D000243E3 /* PhotoCollectionViewCell.swift in Sources */,
				C712D1632471B3AF0049AC4C /* UsersViewController.swift in Sources */,
				C75D526D2487A2B900514BA4 /* config.swift in Sources */,
				C712D15F2471B3AF0049AC4C /* AppDelegate.swift in Sources */,
				C7DF902B247313D900DD25F3 /* User.swift in Sources */,
				C712D1612471B3AF0049AC4C /* SceneDelegate.swift in Sources */,
				C712D1692471B3AF0049AC4C /* UIKit_Basic_Project_1.xcdatamodeld in Sources */,
				C7A1411B2475FD1500417B4B /* Photo.swift in Sources */,
				C7A141212476C3D400417B4B /* AlbumHeader.swift in Sources */,
				C75D52742488EDED00514BA4 /* Note+CoreDataProperties.swift in Sources */,
				C7A1411D2475FD7100417B4B /* PhotosRequest.swift in Sources */,
				C75DBBBA24734729004FB0E8 /* UserDetailsViewController.swift in Sources */,
				C7DD9A16247478BF000243E3 /* UsersRequest.swift in Sources */,
				C75D52732488EDED00514BA4 /* Note+CoreDataClass.swift in Sources */,
				C7537C2B247EA2730013F842 /* FullScreenPhotoViewController.swift in Sources */,
				C7F40F132472DDB500B2D7F1 /* PhotoGalleryViewController.swift in Sources */,
			);
			runOnlyForDeploymentPostprocessing = 0;
		};
/* End PBXSourcesBuildPhase section */

/* Begin PBXVariantGroup section */
		C712D1642471B3AF0049AC4C /* Main.storyboard */ = {
			isa = PBXVariantGroup;
			children = (
				C712D1652471B3AF0049AC4C /* Base */,
			);
			name = Main.storyboard;
			sourceTree = "<group>";
		};
		C712D16C2471B3B10049AC4C /* LaunchScreen.storyboard */ = {
			isa = PBXVariantGroup;
			children = (
				C712D16D2471B3B10049AC4C /* Base */,
			);
			name = LaunchScreen.storyboard;
			sourceTree = "<group>";
		};
/* End PBXVariantGroup section */

/* Begin XCBuildConfiguration section */
		C712D1702471B3B10049AC4C /* Debug */ = {
			isa = XCBuildConfiguration;
			buildSettings = {
				ALWAYS_SEARCH_USER_PATHS = NO;
				CLANG_ANALYZER_NONNULL = YES;
				CLANG_ANALYZER_NUMBER_OBJECT_CONVERSION = YES_AGGRESSIVE;
				CLANG_CXX_LANGUAGE_STANDARD = "gnu++14";
				CLANG_CXX_LIBRARY = "libc++";
				CLANG_ENABLE_MODULES = YES;
				CLANG_ENABLE_OBJC_ARC = YES;
				CLANG_ENABLE_OBJC_WEAK = YES;
				CLANG_WARN_BLOCK_CAPTURE_AUTORELEASING = YES;
				CLANG_WARN_BOOL_CONVERSION = YES;
				CLANG_WARN_COMMA = YES;
				CLANG_WARN_CONSTANT_CONVERSION = YES;
				CLANG_WARN_DEPRECATED_OBJC_IMPLEMENTATIONS = YES;
				CLANG_WARN_DIRECT_OBJC_ISA_USAGE = YES_ERROR;
				CLANG_WARN_DOCUMENTATION_COMMENTS = YES;
				CLANG_WARN_EMPTY_BODY = YES;
				CLANG_WARN_ENUM_CONVERSION = YES;
				CLANG_WARN_INFINITE_RECURSION = YES;
				CLANG_WARN_INT_CONVERSION = YES;
				CLANG_WARN_NON_LITERAL_NULL_CONVERSION = YES;
				CLANG_WARN_OBJC_IMPLICIT_RETAIN_SELF = YES;
				CLANG_WARN_OBJC_LITERAL_CONVERSION = YES;
				CLANG_WARN_OBJC_ROOT_CLASS = YES_ERROR;
				CLANG_WARN_RANGE_LOOP_ANALYSIS = YES;
				CLANG_WARN_STRICT_PROTOTYPES = YES;
				CLANG_WARN_SUSPICIOUS_MOVE = YES;
				CLANG_WARN_UNGUARDED_AVAILABILITY = YES_AGGRESSIVE;
				CLANG_WARN_UNREACHABLE_CODE = YES;
				CLANG_WARN__DUPLICATE_METHOD_MATCH = YES;
				COPY_PHASE_STRIP = NO;
				DEBUG_INFORMATION_FORMAT = dwarf;
				ENABLE_STRICT_OBJC_MSGSEND = YES;
				ENABLE_TESTABILITY = YES;
				GCC_C_LANGUAGE_STANDARD = gnu11;
				GCC_DYNAMIC_NO_PIC = NO;
				GCC_NO_COMMON_BLOCKS = YES;
				GCC_OPTIMIZATION_LEVEL = 0;
				GCC_PREPROCESSOR_DEFINITIONS = (
					"DEBUG=1",
					"$(inherited)",
				);
				GCC_WARN_64_TO_32_BIT_CONVERSION = YES;
				GCC_WARN_ABOUT_RETURN_TYPE = YES_ERROR;
				GCC_WARN_UNDECLARED_SELECTOR = YES;
				GCC_WARN_UNINITIALIZED_AUTOS = YES_AGGRESSIVE;
				GCC_WARN_UNUSED_FUNCTION = YES;
				GCC_WARN_UNUSED_VARIABLE = YES;
				IPHONEOS_DEPLOYMENT_TARGET = 13.2;
				MTL_ENABLE_DEBUG_INFO = INCLUDE_SOURCE;
				MTL_FAST_MATH = YES;
				ONLY_ACTIVE_ARCH = YES;
				SDKROOT = iphoneos;
				SWIFT_ACTIVE_COMPILATION_CONDITIONS = DEBUG;
				SWIFT_OPTIMIZATION_LEVEL = "-Onone";
			};
			name = Debug;
		};
		C712D1712471B3B10049AC4C /* Release */ = {
			isa = XCBuildConfiguration;
			buildSettings = {
				ALWAYS_SEARCH_USER_PATHS = NO;
				CLANG_ANALYZER_NONNULL = YES;
				CLANG_ANALYZER_NUMBER_OBJECT_CONVERSION = YES_AGGRESSIVE;
				CLANG_CXX_LANGUAGE_STANDARD = "gnu++14";
				CLANG_CXX_LIBRARY = "libc++";
				CLANG_ENABLE_MODULES = YES;
				CLANG_ENABLE_OBJC_ARC = YES;
				CLANG_ENABLE_OBJC_WEAK = YES;
				CLANG_WARN_BLOCK_CAPTURE_AUTORELEASING = YES;
				CLANG_WARN_BOOL_CONVERSION = YES;
				CLANG_WARN_COMMA = YES;
				CLANG_WARN_CONSTANT_CONVERSION = YES;
				CLANG_WARN_DEPRECATED_OBJC_IMPLEMENTATIONS = YES;
				CLANG_WARN_DIRECT_OBJC_ISA_USAGE = YES_ERROR;
				CLANG_WARN_DOCUMENTATION_COMMENTS = YES;
				CLANG_WARN_EMPTY_BODY = YES;
				CLANG_WARN_ENUM_CONVERSION = YES;
				CLANG_WARN_INFINITE_RECURSION = YES;
				CLANG_WARN_INT_CONVERSION = YES;
				CLANG_WARN_NON_LITERAL_NULL_CONVERSION = YES;
				CLANG_WARN_OBJC_IMPLICIT_RETAIN_SELF = YES;
				CLANG_WARN_OBJC_LITERAL_CONVERSION = YES;
				CLANG_WARN_OBJC_ROOT_CLASS = YES_ERROR;
				CLANG_WARN_RANGE_LOOP_ANALYSIS = YES;
				CLANG_WARN_STRICT_PROTOTYPES = YES;
				CLANG_WARN_SUSPICIOUS_MOVE = YES;
				CLANG_WARN_UNGUARDED_AVAILABILITY = YES_AGGRESSIVE;
				CLANG_WARN_UNREACHABLE_CODE = YES;
				CLANG_WARN__DUPLICATE_METHOD_MATCH = YES;
				COPY_PHASE_STRIP = NO;
				DEBUG_INFORMATION_FORMAT = "dwarf-with-dsym";
				ENABLE_NS_ASSERTIONS = NO;
				ENABLE_STRICT_OBJC_MSGSEND = YES;
				GCC_C_LANGUAGE_STANDARD = gnu11;
				GCC_NO_COMMON_BLOCKS = YES;
				GCC_WARN_64_TO_32_BIT_CONVERSION = YES;
				GCC_WARN_ABOUT_RETURN_TYPE = YES_ERROR;
				GCC_WARN_UNDECLARED_SELECTOR = YES;
				GCC_WARN_UNINITIALIZED_AUTOS = YES_AGGRESSIVE;
				GCC_WARN_UNUSED_FUNCTION = YES;
				GCC_WARN_UNUSED_VARIABLE = YES;
				IPHONEOS_DEPLOYMENT_TARGET = 13.2;
				MTL_ENABLE_DEBUG_INFO = NO;
				MTL_FAST_MATH = YES;
				SDKROOT = iphoneos;
				SWIFT_COMPILATION_MODE = wholemodule;
				SWIFT_OPTIMIZATION_LEVEL = "-O";
				VALIDATE_PRODUCT = YES;
			};
			name = Release;
		};
		C712D1732471B3B10049AC4C /* Debug */ = {
			isa = XCBuildConfiguration;
			baseConfigurationReference = A7A5F2CE6FE0814A0324B5EF /* Pods-UIKit Basic Project 1.debug.xcconfig */;
			buildSettings = {
				ASSETCATALOG_COMPILER_APPICON_NAME = AppIcon;
				CODE_SIGN_STYLE = Automatic;
				DEVELOPMENT_TEAM = C5FRN97RYA;
				INFOPLIST_FILE = "UIKit Basic Project 1/Info.plist";
				LD_RUNPATH_SEARCH_PATHS = (
					"$(inherited)",
					"@executable_path/Frameworks",
				);
				PRODUCT_BUNDLE_IDENTIFIER = "com.mustafabirat.UIKit-Basic-Project-1";
				PRODUCT_NAME = "$(TARGET_NAME)";
				SWIFT_VERSION = 5.0;
				TARGETED_DEVICE_FAMILY = "1,2";
			};
			name = Debug;
		};
		C712D1742471B3B10049AC4C /* Release */ = {
			isa = XCBuildConfiguration;
			baseConfigurationReference = 3498C8013145FE8CDECD164A /* Pods-UIKit Basic Project 1.release.xcconfig */;
			buildSettings = {
				ASSETCATALOG_COMPILER_APPICON_NAME = AppIcon;
				CODE_SIGN_STYLE = Automatic;
				DEVELOPMENT_TEAM = C5FRN97RYA;
				INFOPLIST_FILE = "UIKit Basic Project 1/Info.plist";
				LD_RUNPATH_SEARCH_PATHS = (
					"$(inherited)",
					"@executable_path/Frameworks",
				);
				PRODUCT_BUNDLE_IDENTIFIER = "com.mustafabirat.UIKit-Basic-Project-1";
				PRODUCT_NAME = "$(TARGET_NAME)";
				SWIFT_VERSION = 5.0;
				TARGETED_DEVICE_FAMILY = "1,2";
			};
			name = Release;
		};
/* End XCBuildConfiguration section */

/* Begin XCConfigurationList section */
		C712D1562471B3AF0049AC4C /* Build configuration list for PBXProject "UIKit Basic Project 1" */ = {
			isa = XCConfigurationList;
			buildConfigurations = (
				C712D1702471B3B10049AC4C /* Debug */,
				C712D1712471B3B10049AC4C /* Release */,
			);
			defaultConfigurationIsVisible = 0;
			defaultConfigurationName = Release;
		};
		C712D1722471B3B10049AC4C /* Build configuration list for PBXNativeTarget "UIKit Basic Project 1" */ = {
			isa = XCConfigurationList;
			buildConfigurations = (
				C712D1732471B3B10049AC4C /* Debug */,
				C712D1742471B3B10049AC4C /* Release */,
			);
			defaultConfigurationIsVisible = 0;
			defaultConfigurationName = Release;
		};
/* End XCConfigurationList section */

/* Begin XCVersionGroup section */
		C712D1672471B3AF0049AC4C /* UIKit_Basic_Project_1.xcdatamodeld */ = {
			isa = XCVersionGroup;
			children = (
				C712D1682471B3AF0049AC4C /* UIKit_Basic_Project_1.xcdatamodel */,
			);
			currentVersion = C712D1682471B3AF0049AC4C /* UIKit_Basic_Project_1.xcdatamodel */;
			path = UIKit_Basic_Project_1.xcdatamodeld;
			sourceTree = "<group>";
			versionGroupType = wrapper.xcdatamodel;
		};
/* End XCVersionGroup section */
	};
	rootObject = C712D1532471B3AF0049AC4C /* Project object */;
}
